
Microsoft Visual Studio Solution File, Format Version 12.00
# Visual Studio Version 16
VisualStudioVersion = 16.0.30711.63
MinimumVisualStudioVersion = 10.0.40219.1
Project("{FAE04EC0-301F-11D3-BF4B-00C04F79EFBC}") = "UKMisc", "UKMisc.csproj", "{477063D9-C9A7-4D8A-8C1C-68C733C2AC3B}"
EndProject
Global
	GlobalSection(SolutionConfigurationPlatforms) = preSolution
		Debug|Any CPU = Debug|Any CPU
		Release|Any CPU = Release|Any CPU
	EndGlobalSection
	GlobalSection(ProjectConfigurationPlatforms) = postSolution
		{477063D9-C9A7-4D8A-8C1C-68C733C2AC3B}.Debug|Any CPU.ActiveCfg = Debug|Any CPU
		{477063D9-C9A7-4D8A-8C1C-68C733C2AC3B}.Debug|Any CPU.Build.0 = Debug|Any CPU
		{477063D9-C9A7-4D8A-8C1C-68C733C2AC3B}.Release|Any CPU.ActiveCfg = Release|Any CPU
		{477063D9-C9A7-4D8A-8C1C-68C733C2AC3B}.Release|Any CPU.Build.0 = Release|Any CPU
	EndGlobalSection
	GlobalSection(SolutionProperties) = preSolution
		HideSolutionNode = FALSE
	EndGlobalSection
	GlobalSection(ExtensibilityGlobals) = postSolution
		SolutionGuid = {203A01D1-BE18-481D-9BC0-BC16A40E4298}
	EndGlobalSection
EndGlobal
